<Solution>
  <Project Path="ModernWigiDash.App/ModernWigiDash.App.csproj" />
  <Project Path="ModernWigiDash.Core/ModernWigiDash.Core.csproj" />
  <Project Path="ModernWigiDash.Hardware/ModernWigiDash.Hardware.csproj" />
  <Project Path="ModernWigiDash.Sdk/ModernWigiDash.Sdk.csproj" />
  <Project Path="ModernWigiDash.Widgets/ModernWigiDash.Widgets.csproj" />
  <Project Path="ModernWigiDash.Service.Contracts/ModernWigiDash.Service.Contracts.csproj" />
  <Project Path="ModernWigiDash.Service/ModernWigiDash.Service.csproj" />
  <Project Path="ModernWigiDash.Tests/ModernWigiDash.Tests.csproj" />

  <Property Name="StartupProject" Value="ModernWigiDash.Service" />
  <Property Name="StartupProjectProfile" Value="WigiDashDebug" />
</Solution>